
Microsoft Visual Studio Solution File, Format Version 12.00
# Visual Studio Version 17
VisualStudioVersion = 17.10.35004.147
MinimumVisualStudioVersion = 10.0.40219.1
Project("{8BC9CEB8-8B4A-11D0-8D11-00A0C91BC942}") = "QTDough", "QTDough.vcxproj", "{3304F75D-20CB-4DC4-AD63-C84468371C46}"
EndProject
Project("{8BC9CEB8-8B4A-11D0-8D11-00A0C91BC942}") = "UnigmaEngineTests", "..\UnigmaEngineTests\UnigmaEngineTests.vcxproj", "{05D3A8CB-F482-48C0-B1D5-4DE12E6BB382}"
	ProjectSection(ProjectDependencies) = postProject
		{3304F75D-20CB-4DC4-AD63-C84468371C46} = {3304F75D-20CB-4DC4-AD63-C84468371C46}
	EndProjectSection
EndProject
Global
	GlobalSection(SolutionConfigurationPlatforms) = preSolution
		Debug|x64 = Debug|x64
		Debug|x86 = Debug|x86
		Release|x64 = Release|x64
		Release|x86 = Release|x86
	EndGlobalSection
	GlobalSection(ProjectConfigurationPlatforms) = postSolution
		{3304F75D-20CB-4DC4-AD63-C84468371C46}.Debug|x64.ActiveCfg = Debug|x64
		{3304F75D-20CB-4DC4-AD63-C84468371C46}.Debug|x64.Build.0 = Debug|x64
		{3304F75D-20CB-4DC4-AD63-C84468371C46}.Debug|x86.ActiveCfg = Debug|Win32
		{3304F75D-20CB-4DC4-AD63-C84468371C46}.Debug|x86.Build.0 = Debug|Win32
		{3304F75D-20CB-4DC4-AD63-C84468371C46}.Release|x64.ActiveCfg = Release|x64
		{3304F75D-20CB-4DC4-AD63-C84468371C46}.Release|x64.Build.0 = Release|x64
		{3304F75D-20CB-4DC4-AD63-C84468371C46}.Release|x86.ActiveCfg = Release|Win32
		{3304F75D-20CB-4DC4-AD63-C84468371C46}.Release|x86.Build.0 = Release|Win32
		{05D3A8CB-F482-48C0-B1D5-4DE12E6BB382}.Debug|x64.ActiveCfg = Debug|x64
		{05D3A8CB-F482-48C0-B1D5-4DE12E6BB382}.Debug|x64.Build.0 = Debug|x64
		{05D3A8CB-F482-48C0-B1D5-4DE12E6BB382}.Debug|x86.ActiveCfg = Debug|Win32
		{05D3A8CB-F482-48C0-B1D5-4DE12E6BB382}.Debug|x86.Build.0 = Debug|Win32
		{05D3A8CB-F482-48C0-B1D5-4DE12E6BB382}.Release|x64.ActiveCfg = Release|x64
		{05D3A8CB-F482-48C0-B1D5-4DE12E6BB382}.Release|x64.Build.0 = Release|x64
		{05D3A8CB-F482-48C0-B1D5-4DE12E6BB382}.Release|x86.ActiveCfg = Release|Win32
		{05D3A8CB-F482-48C0-B1D5-4DE12E6BB382}.Release|x86.Build.0 = Release|Win32
	EndGlobalSection
	GlobalSection(SolutionProperties) = preSolution
		HideSolutionNode = FALSE
	EndGlobalSection
	GlobalSection(ExtensibilityGlobals) = postSolution
		SolutionGuid = {A112C666-3C68-4ABC-9CEF-51331F1C0C13}
	EndGlobalSection
EndGlobal
